
Microsoft Visual Studio Solution File, Format Version 12.00
# Visual Studio Version 16
VisualStudioVersion = 16.0.31613.86
MinimumVisualStudioVersion = 10.0.40219.1
Project("{FAE04EC0-301F-11D3-BF4B-00C04F79EFBC}") = "M_Rental", "M_Rental\M_Rental.csproj", "{D32BCDD0-AD34-4774-81DF-5D29DE35F8A7}"
EndProject
Global
	GlobalSection(SolutionConfigurationPlatforms) = preSolution
		Debug|Any CPU = Debug|Any CPU
		Release|Any CPU = Release|Any CPU
	EndGlobalSection
	GlobalSection(ProjectConfigurationPlatforms) = postSolution
		{D32BCDD0-AD34-4774-81DF-5D29DE35F8A7}.Debug|Any CPU.ActiveCfg = Debug|Any CPU
		{D32BCDD0-AD34-4774-81DF-5D29DE35F8A7}.Debug|Any CPU.Build.0 = Debug|Any CPU
		{D32BCDD0-AD34-4774-81DF-5D29DE35F8A7}.Release|Any CPU.ActiveCfg = Release|Any CPU
		{D32BCDD0-AD34-4774-81DF-5D29DE35F8A7}.Release|Any CPU.Build.0 = Release|Any CPU
	EndGlobalSection
	GlobalSection(SolutionProperties) = preSolution
		HideSolutionNode = FALSE
	EndGlobalSection
	GlobalSection(ExtensibilityGlobals) = postSolution
		SolutionGuid = {C1A792A6-EF02-45EC-AC43-16763ED18B95}
	EndGlobalSection
EndGlobal
